
Microsoft Visual Studio Solution File, Format Version 12.00
# Visual Studio Version 17
VisualStudioVersion = 17.14.36518.9 d17.14
MinimumVisualStudioVersion = 10.0.40219.1
Project("{FAE04EC0-301F-11D3-BF4B-00C04F79EFBC}") = "GroupTeam.RazorPage", "GroupTeam.RazorPage\GroupTeam.RazorPage.csproj", "{1085FE70-31C2-4DE1-AAA1-636C8058EE08}"
EndProject
Project("{FAE04EC0-301F-11D3-BF4B-00C04F79EFBC}") = "GroupTeam.Service", "GroupTeam.Service\GroupTeam.Service.csproj", "{E5AE3460-7697-45EB-97E4-0C4C6186D1D0}"
EndProject
Project("{FAE04EC0-301F-11D3-BF4B-00C04F79EFBC}") = "GroupTeam.Repository", "GroupTeam.Repository\GroupTeam.Repository.csproj", "{15E73F2F-7A28-42B8-8B85-296A109F838A}"
EndProject
Global
	GlobalSection(SolutionConfigurationPlatforms) = preSolution
		Debug|Any CPU = Debug|Any CPU
		Release|Any CPU = Release|Any CPU
	EndGlobalSection
	GlobalSection(ProjectConfigurationPlatforms) = postSolution
		{1085FE70-31C2-4DE1-AAA1-636C8058EE08}.Debug|Any CPU.ActiveCfg = Debug|Any CPU
		{1085FE70-31C2-4DE1-AAA1-636C8058EE08}.Debug|Any CPU.Build.0 = Debug|Any CPU
		{1085FE70-31C2-4DE1-AAA1-636C8058EE08}.Release|Any CPU.ActiveCfg = Release|Any CPU
		{1085FE70-31C2-4DE1-AAA1-636C8058EE08}.Release|Any CPU.Build.0 = Release|Any CPU
		{E5AE3460-7697-45EB-97E4-0C4C6186D1D0}.Debug|Any CPU.ActiveCfg = Debug|Any CPU
		{E5AE3460-7697-45EB-97E4-0C4C6186D1D0}.Debug|Any CPU.Build.0 = Debug|Any CPU
		{E5AE3460-7697-45EB-97E4-0C4C6186D1D0}.Release|Any CPU.ActiveCfg = Release|Any CPU
		{E5AE3460-7697-45EB-97E4-0C4C6186D1D0}.Release|Any CPU.Build.0 = Release|Any CPU
		{15E73F2F-7A28-42B8-8B85-296A109F838A}.Debug|Any CPU.ActiveCfg = Debug|Any CPU
		{15E73F2F-7A28-42B8-8B85-296A109F838A}.Debug|Any CPU.Build.0 = Debug|Any CPU
		{15E73F2F-7A28-42B8-8B85-296A109F838A}.Release|Any CPU.ActiveCfg = Release|Any CPU
		{15E73F2F-7A28-42B8-8B85-296A109F838A}.Release|Any CPU.Build.0 = Release|Any CPU
	EndGlobalSection
	GlobalSection(SolutionProperties) = preSolution
		HideSolutionNode = FALSE
	EndGlobalSection
	GlobalSection(ExtensibilityGlobals) = postSolution
		SolutionGuid = {4E7CC8BE-094A-409F-8440-8DC249F1BC6E}
	EndGlobalSection
EndGlobal
